
Microsoft Visual Studio Solution File, Format Version 12.00
# Visual Studio Version 17
VisualStudioVersion = 17.3.32811.315
MinimumVisualStudioVersion = 10.0.40219.1
Project("{FAE04EC0-301F-11D3-BF4B-00C04F79EFBC}") = "jenkins", "jenkins\jenkins.csproj", "{7A431899-09F5-4D7C-BE60-B090CA6CED65}"
EndProject
Global
	GlobalSection(SolutionConfigurationPlatforms) = preSolution
		Debug|Any CPU = Debug|Any CPU
		Release|Any CPU = Release|Any CPU
	EndGlobalSection
	GlobalSection(ProjectConfigurationPlatforms) = postSolution
		{7A431899-09F5-4D7C-BE60-B090CA6CED65}.Debug|Any CPU.ActiveCfg = Debug|Any CPU
		{7A431899-09F5-4D7C-BE60-B090CA6CED65}.Debug|Any CPU.Build.0 = Debug|Any CPU
		{7A431899-09F5-4D7C-BE60-B090CA6CED65}.Release|Any CPU.ActiveCfg = Release|Any CPU
		{7A431899-09F5-4D7C-BE60-B090CA6CED65}.Release|Any CPU.Build.0 = Release|Any CPU
	EndGlobalSection
	GlobalSection(SolutionProperties) = preSolution
		HideSolutionNode = FALSE
	EndGlobalSection
	GlobalSection(ExtensibilityGlobals) = postSolution
		SolutionGuid = {1295E4CE-0A9B-4090-8E05-E1F0C7A5B61A}
	EndGlobalSection
EndGlobal
